
Microsoft Visual Studio Solution File, Format Version 12.00
# Visual Studio Version 17
VisualStudioVersion = 17.1.32210.238
MinimumVisualStudioVersion = 10.0.40219.1
Project("{FAE04EC0-301F-11D3-BF4B-00C04F79EFBC}") = "SeaWar", "SeaWar\SeaWar.csproj", "{C3AE77EA-33C8-4765-8F07-8827FE12F9D3}"
EndProject
Global
	GlobalSection(SolutionConfigurationPlatforms) = preSolution
		Debug|Any CPU = Debug|Any CPU
		Release|Any CPU = Release|Any CPU
	EndGlobalSection
	GlobalSection(ProjectConfigurationPlatforms) = postSolution
		{C3AE77EA-33C8-4765-8F07-8827FE12F9D3}.Debug|Any CPU.ActiveCfg = Debug|Any CPU
		{C3AE77EA-33C8-4765-8F07-8827FE12F9D3}.Debug|Any CPU.Build.0 = Debug|Any CPU
		{C3AE77EA-33C8-4765-8F07-8827FE12F9D3}.Release|Any CPU.ActiveCfg = Release|Any CPU
		{C3AE77EA-33C8-4765-8F07-8827FE12F9D3}.Release|Any CPU.Build.0 = Release|Any CPU
	EndGlobalSection
	GlobalSection(SolutionProperties) = preSolution
		HideSolutionNode = FALSE
	EndGlobalSection
	GlobalSection(ExtensibilityGlobals) = postSolution
		SolutionGuid = {9F5BF2BC-0CCE-4190-A133-BCADD4C68AFF}
	EndGlobalSection
EndGlobal
